
Microsoft Visual Studio Solution File, Format Version 12.00
# Visual Studio Version 17
VisualStudioVersion = 17.13.35828.75
MinimumVisualStudioVersion = 10.0.40219.1
Project("{FAE04EC0-301F-11D3-BF4B-00C04F79EFBC}") = "LaunchServiceAzureFunction", "LaunchServiceAzureFunction.csproj", "{8F7586D7-D21D-4E92-A4C7-A24CEAEC616B}"
EndProject
Project("{FAE04EC0-301F-11D3-BF4B-00C04F79EFBC}") = "LaunchService.test", "..\LaunchService.test\LaunchService.test.csproj", "{64C3702B-6CDA-6E29-347D-6A80A75BA6A7}"
EndProject
Global
	GlobalSection(SolutionConfigurationPlatforms) = preSolution
		Debug|Any CPU = Debug|Any CPU
		Release|Any CPU = Release|Any CPU
	EndGlobalSection
	GlobalSection(ProjectConfigurationPlatforms) = postSolution
		{8F7586D7-D21D-4E92-A4C7-A24CEAEC616B}.Debug|Any CPU.ActiveCfg = Debug|Any CPU
		{8F7586D7-D21D-4E92-A4C7-A24CEAEC616B}.Debug|Any CPU.Build.0 = Debug|Any CPU
		{8F7586D7-D21D-4E92-A4C7-A24CEAEC616B}.Release|Any CPU.ActiveCfg = Release|Any CPU
		{8F7586D7-D21D-4E92-A4C7-A24CEAEC616B}.Release|Any CPU.Build.0 = Release|Any CPU
		{64C3702B-6CDA-6E29-347D-6A80A75BA6A7}.Debug|Any CPU.ActiveCfg = Debug|Any CPU
		{64C3702B-6CDA-6E29-347D-6A80A75BA6A7}.Debug|Any CPU.Build.0 = Debug|Any CPU
		{64C3702B-6CDA-6E29-347D-6A80A75BA6A7}.Release|Any CPU.ActiveCfg = Release|Any CPU
		{64C3702B-6CDA-6E29-347D-6A80A75BA6A7}.Release|Any CPU.Build.0 = Release|Any CPU
	EndGlobalSection
	GlobalSection(SolutionProperties) = preSolution
		HideSolutionNode = FALSE
	EndGlobalSection
	GlobalSection(ExtensibilityGlobals) = postSolution
		SolutionGuid = {3CB3B792-F77A-4E90-9E8B-6762545FC780}
	EndGlobalSection
EndGlobal
