
Microsoft Visual Studio Solution File, Format Version 12.00
# Visual Studio Version 17
VisualStudioVersion = 17.12.35527.113
MinimumVisualStudioVersion = 10.0.40219.1
Project("{FAE04EC0-301F-11D3-BF4B-00C04F79EFBC}") = "LaunchService", "LaunchService.csproj", "{160166BF-1EE2-4212-8A8D-F1C1116F33B8}"
EndProject
Project("{FAE04EC0-301F-11D3-BF4B-00C04F79EFBC}") = "LaunchService.test", "..\LaunchService.test\LaunchService.test.csproj", "{105072DB-B95E-4EBF-A5CB-FC924C78C37C}"
EndProject
Global
	GlobalSection(SolutionConfigurationPlatforms) = preSolution
		Debug|Any CPU = Debug|Any CPU
		Release|Any CPU = Release|Any CPU
	EndGlobalSection
	GlobalSection(ProjectConfigurationPlatforms) = postSolution
		{160166BF-1EE2-4212-8A8D-F1C1116F33B8}.Debug|Any CPU.ActiveCfg = Debug|Any CPU
		{160166BF-1EE2-4212-8A8D-F1C1116F33B8}.Debug|Any CPU.Build.0 = Debug|Any CPU
		{160166BF-1EE2-4212-8A8D-F1C1116F33B8}.Release|Any CPU.ActiveCfg = Release|Any CPU
		{160166BF-1EE2-4212-8A8D-F1C1116F33B8}.Release|Any CPU.Build.0 = Release|Any CPU
		{105072DB-B95E-4EBF-A5CB-FC924C78C37C}.Debug|Any CPU.ActiveCfg = Debug|Any CPU
		{105072DB-B95E-4EBF-A5CB-FC924C78C37C}.Debug|Any CPU.Build.0 = Debug|Any CPU
		{105072DB-B95E-4EBF-A5CB-FC924C78C37C}.Release|Any CPU.ActiveCfg = Release|Any CPU
		{105072DB-B95E-4EBF-A5CB-FC924C78C37C}.Release|Any CPU.Build.0 = Release|Any CPU
	EndGlobalSection
	GlobalSection(SolutionProperties) = preSolution
		HideSolutionNode = FALSE
	EndGlobalSection
EndGlobal
